
Microsoft Visual Studio Solution File, Format Version 12.00
# Visual Studio 2013
VisualStudioVersion = 12.0.21005.1
MinimumVisualStudioVersion = 10.0.40219.1
Project("{FAE04EC0-301F-11D3-BF4B-00C04F79EFBC}") = "JunkDrawer.Console", "JunkDrawer.Console\JunkDrawer.Console.csproj", "{F0746701-E447-4EF7-9644-88F2BA350D4A}"
EndProject
Project("{FAE04EC0-301F-11D3-BF4B-00C04F79EFBC}") = "Test", "Test\Test.csproj", "{63CEAF77-1A00-4BCA-AF27-74985DEB721F}"
EndProject
Project("{2150E333-8FDC-42A3-9474-1A3956D46DE8}") = "Assemblies", "Assemblies", "{A3B89755-972F-44D4-A372-7F162C7053EF}"
	ProjectSection(SolutionItems) = preProject
		Assemblies\System.Data.SqlServerCe.dll = Assemblies\System.Data.SqlServerCe.dll
	EndProjectSection
EndProject
Project("{FAE04EC0-301F-11D3-BF4B-00C04F79EFBC}") = "JunkDrawer", "JunkDrawer\JunkDrawer.csproj", "{35022C73-D66E-43AA-814E-AF8CE6B96294}"
EndProject
Project("{2150E333-8FDC-42A3-9474-1A3956D46DE8}") = "x86", "x86", "{EEDDA22E-8F5E-4D0A-8BA2-9C0923220543}"
	ProjectSection(SolutionItems) = preProject
		Assemblies\x86\Transformalize.dll = Assemblies\x86\Transformalize.dll
	EndProjectSection
EndProject
Project("{2150E333-8FDC-42A3-9474-1A3956D46DE8}") = "x64", "x64", "{1BDF852E-609A-4978-A6B3-832E721C1D9E}"
	ProjectSection(SolutionItems) = preProject
		Assemblies\x64\Transformalize.dll = Assemblies\x64\Transformalize.dll
	EndProjectSection
EndProject
Global
	GlobalSection(SolutionConfigurationPlatforms) = preSolution
		Debug|x64 = Debug|x64
		Debug|x86 = Debug|x86
		Release|x64 = Release|x64
		Release|x86 = Release|x86
	EndGlobalSection
	GlobalSection(ProjectConfigurationPlatforms) = postSolution
		{F0746701-E447-4EF7-9644-88F2BA350D4A}.Debug|x64.ActiveCfg = Debug|x64
		{F0746701-E447-4EF7-9644-88F2BA350D4A}.Debug|x64.Build.0 = Debug|x64
		{F0746701-E447-4EF7-9644-88F2BA350D4A}.Debug|x86.ActiveCfg = Debug|x86
		{F0746701-E447-4EF7-9644-88F2BA350D4A}.Debug|x86.Build.0 = Debug|x86
		{F0746701-E447-4EF7-9644-88F2BA350D4A}.Release|x64.ActiveCfg = Release|x64
		{F0746701-E447-4EF7-9644-88F2BA350D4A}.Release|x64.Build.0 = Release|x64
		{F0746701-E447-4EF7-9644-88F2BA350D4A}.Release|x86.ActiveCfg = Release|x86
		{F0746701-E447-4EF7-9644-88F2BA350D4A}.Release|x86.Build.0 = Release|x86
		{63CEAF77-1A00-4BCA-AF27-74985DEB721F}.Debug|x64.ActiveCfg = Debug|x64
		{63CEAF77-1A00-4BCA-AF27-74985DEB721F}.Debug|x64.Build.0 = Debug|x64
		{63CEAF77-1A00-4BCA-AF27-74985DEB721F}.Debug|x86.ActiveCfg = Debug|x86
		{63CEAF77-1A00-4BCA-AF27-74985DEB721F}.Debug|x86.Build.0 = Debug|x86
		{63CEAF77-1A00-4BCA-AF27-74985DEB721F}.Release|x64.ActiveCfg = Release|x64
		{63CEAF77-1A00-4BCA-AF27-74985DEB721F}.Release|x64.Build.0 = Release|x64
		{63CEAF77-1A00-4BCA-AF27-74985DEB721F}.Release|x86.ActiveCfg = Release|x86
		{63CEAF77-1A00-4BCA-AF27-74985DEB721F}.Release|x86.Build.0 = Release|x86
		{35022C73-D66E-43AA-814E-AF8CE6B96294}.Debug|x64.ActiveCfg = Debug|x64
		{35022C73-D66E-43AA-814E-AF8CE6B96294}.Debug|x64.Build.0 = Debug|x64
		{35022C73-D66E-43AA-814E-AF8CE6B96294}.Debug|x86.ActiveCfg = Debug|x86
		{35022C73-D66E-43AA-814E-AF8CE6B96294}.Debug|x86.Build.0 = Debug|x86
		{35022C73-D66E-43AA-814E-AF8CE6B96294}.Release|x64.ActiveCfg = Release|x64
		{35022C73-D66E-43AA-814E-AF8CE6B96294}.Release|x64.Build.0 = Release|x64
		{35022C73-D66E-43AA-814E-AF8CE6B96294}.Release|x86.ActiveCfg = Release|x86
		{35022C73-D66E-43AA-814E-AF8CE6B96294}.Release|x86.Build.0 = Release|x86
	EndGlobalSection
	GlobalSection(SolutionProperties) = preSolution
		HideSolutionNode = FALSE
	EndGlobalSection
	GlobalSection(NestedProjects) = preSolution
		{EEDDA22E-8F5E-4D0A-8BA2-9C0923220543} = {A3B89755-972F-44D4-A372-7F162C7053EF}
		{1BDF852E-609A-4978-A6B3-832E721C1D9E} = {A3B89755-972F-44D4-A372-7F162C7053EF}
	EndGlobalSection
EndGlobal
